
Microsoft Visual Studio Solution File, Format Version 12.00
# Visual Studio Version 17
VisualStudioVersion = 17.2.32602.215
MinimumVisualStudioVersion = 10.0.40219.1
Project("{9A19103F-16F7-4668-BE54-9A1E7A4F7556}") = "BlogApi", "BlogApi\BlogApi.csproj", "{61254E82-9923-4F62-B124-ECC1C717DA43}"
EndProject
Project("{9A19103F-16F7-4668-BE54-9A1E7A4F7556}") = "BlogApi.Domain", "BlogApi.Domain\BlogApi.Domain.csproj", "{2F3ADAE0-4D12-49E5-A630-DF727A714984}"
EndProject
Project("{9A19103F-16F7-4668-BE54-9A1E7A4F7556}") = "BlogApi.Infrastructure", "BlogApi.Infrastructure\BlogApi.Infrastructure.csproj", "{F5C62A04-6681-43F1-A596-8CE6EDCEAE6E}"
	ProjectSection(ProjectDependencies) = postProject
		{F1FA3E4B-EBE0-46A7-B0BA-64A4000EB65F} = {F1FA3E4B-EBE0-46A7-B0BA-64A4000EB65F}
	EndProjectSection
EndProject
Project("{9A19103F-16F7-4668-BE54-9A1E7A4F7556}") = "BlogApi.Application", "BlogApi.Application\BlogApi.Application.csproj", "{F1FA3E4B-EBE0-46A7-B0BA-64A4000EB65F}"
EndProject
Project("{FAE04EC0-301F-11D3-BF4B-00C04F79EFBC}") = "BlogApi.Tests", "BlogApi.Tests\BlogApi.Tests.csproj", "{AAADB54A-C0D9-4879-B6C8-D6BB5689E0D9}"
EndProject
Global
	GlobalSection(SolutionConfigurationPlatforms) = preSolution
		Debug|Any CPU = Debug|Any CPU
		Release|Any CPU = Release|Any CPU
	EndGlobalSection
	GlobalSection(ProjectConfigurationPlatforms) = postSolution
		{61254E82-9923-4F62-B124-ECC1C717DA43}.Debug|Any CPU.ActiveCfg = Debug|Any CPU
		{61254E82-9923-4F62-B124-ECC1C717DA43}.Debug|Any CPU.Build.0 = Debug|Any CPU
		{61254E82-9923-4F62-B124-ECC1C717DA43}.Release|Any CPU.ActiveCfg = Release|Any CPU
		{61254E82-9923-4F62-B124-ECC1C717DA43}.Release|Any CPU.Build.0 = Release|Any CPU
		{2F3ADAE0-4D12-49E5-A630-DF727A714984}.Debug|Any CPU.ActiveCfg = Debug|Any CPU
		{2F3ADAE0-4D12-49E5-A630-DF727A714984}.Debug|Any CPU.Build.0 = Debug|Any CPU
		{2F3ADAE0-4D12-49E5-A630-DF727A714984}.Release|Any CPU.ActiveCfg = Release|Any CPU
		{2F3ADAE0-4D12-49E5-A630-DF727A714984}.Release|Any CPU.Build.0 = Release|Any CPU
		{F5C62A04-6681-43F1-A596-8CE6EDCEAE6E}.Debug|Any CPU.ActiveCfg = Debug|Any CPU
		{F5C62A04-6681-43F1-A596-8CE6EDCEAE6E}.Debug|Any CPU.Build.0 = Debug|Any CPU
		{F5C62A04-6681-43F1-A596-8CE6EDCEAE6E}.Release|Any CPU.ActiveCfg = Release|Any CPU
		{F5C62A04-6681-43F1-A596-8CE6EDCEAE6E}.Release|Any CPU.Build.0 = Release|Any CPU
		{F1FA3E4B-EBE0-46A7-B0BA-64A4000EB65F}.Debug|Any CPU.ActiveCfg = Debug|Any CPU
		{F1FA3E4B-EBE0-46A7-B0BA-64A4000EB65F}.Debug|Any CPU.Build.0 = Debug|Any CPU
		{F1FA3E4B-EBE0-46A7-B0BA-64A4000EB65F}.Release|Any CPU.ActiveCfg = Release|Any CPU
		{F1FA3E4B-EBE0-46A7-B0BA-64A4000EB65F}.Release|Any CPU.Build.0 = Release|Any CPU
		{AAADB54A-C0D9-4879-B6C8-D6BB5689E0D9}.Debug|Any CPU.ActiveCfg = Debug|Any CPU
		{AAADB54A-C0D9-4879-B6C8-D6BB5689E0D9}.Debug|Any CPU.Build.0 = Debug|Any CPU
		{AAADB54A-C0D9-4879-B6C8-D6BB5689E0D9}.Release|Any CPU.ActiveCfg = Release|Any CPU
		{AAADB54A-C0D9-4879-B6C8-D6BB5689E0D9}.Release|Any CPU.Build.0 = Release|Any CPU
	EndGlobalSection
	GlobalSection(SolutionProperties) = preSolution
		HideSolutionNode = FALSE
	EndGlobalSection
	GlobalSection(ExtensibilityGlobals) = postSolution
		SolutionGuid = {EC754F84-4610-4434-9BF2-AC9822E4DA28}
	EndGlobalSection
EndGlobal
